
Microsoft Visual Studio Solution File, Format Version 11.00
# Visual Studio 2010
Project("{F184B08F-C81C-45F6-A57F-5ABD9991F28F}") = "Payroll2", "Payroll2\Payroll2.vbproj", "{D4299647-DD71-43EF-ADD1-FC127D291C62}"
EndProject
Project("{54435603-DBB4-11D2-8724-00A0C9A8B90C}") = "Setup", "Setup\Setup.vdproj", "{64EF6706-6A36-4BE6-B58D-CEE3F6688643}"
EndProject
Project("{2150E333-8FDC-42A3-9474-1A3956D46DE8}") = "Solution Items", "Solution Items", "{D7024CAA-38C4-4F70-AC4B-2A469765CFE5}"
EndProject
Global
	GlobalSection(TestCaseManagementSettings) = postSolution
		CategoryFile = Payroll2.vsmdi
	EndGlobalSection
	GlobalSection(SolutionConfigurationPlatforms) = preSolution
		Debug|Any CPU = Debug|Any CPU
		Debug|Mixed Platforms = Debug|Mixed Platforms
		Debug|x86 = Debug|x86
		Release|Any CPU = Release|Any CPU
		Release|Mixed Platforms = Release|Mixed Platforms
		Release|x86 = Release|x86
	EndGlobalSection
	GlobalSection(ProjectConfigurationPlatforms) = postSolution
		{D4299647-DD71-43EF-ADD1-FC127D291C62}.Debug|Any CPU.ActiveCfg = Debug|x86
		{D4299647-DD71-43EF-ADD1-FC127D291C62}.Debug|Mixed Platforms.ActiveCfg = Debug|x86
		{D4299647-DD71-43EF-ADD1-FC127D291C62}.Debug|Mixed Platforms.Build.0 = Debug|x86
		{D4299647-DD71-43EF-ADD1-FC127D291C62}.Debug|x86.ActiveCfg = Debug|x86
		{D4299647-DD71-43EF-ADD1-FC127D291C62}.Debug|x86.Build.0 = Debug|x86
		{D4299647-DD71-43EF-ADD1-FC127D291C62}.Release|Any CPU.ActiveCfg = Release|x86
		{D4299647-DD71-43EF-ADD1-FC127D291C62}.Release|Mixed Platforms.ActiveCfg = Release|x86
		{D4299647-DD71-43EF-ADD1-FC127D291C62}.Release|Mixed Platforms.Build.0 = Release|x86
		{D4299647-DD71-43EF-ADD1-FC127D291C62}.Release|x86.ActiveCfg = Release|x86
		{D4299647-DD71-43EF-ADD1-FC127D291C62}.Release|x86.Build.0 = Release|x86
		{64EF6706-6A36-4BE6-B58D-CEE3F6688643}.Debug|Any CPU.ActiveCfg = Debug
		{64EF6706-6A36-4BE6-B58D-CEE3F6688643}.Debug|Any CPU.Build.0 = Debug
		{64EF6706-6A36-4BE6-B58D-CEE3F6688643}.Debug|Mixed Platforms.ActiveCfg = Debug
		{64EF6706-6A36-4BE6-B58D-CEE3F6688643}.Debug|Mixed Platforms.Build.0 = Debug
		{64EF6706-6A36-4BE6-B58D-CEE3F6688643}.Debug|x86.ActiveCfg = Debug
		{64EF6706-6A36-4BE6-B58D-CEE3F6688643}.Release|Any CPU.ActiveCfg = Release
		{64EF6706-6A36-4BE6-B58D-CEE3F6688643}.Release|Any CPU.Build.0 = Release
		{64EF6706-6A36-4BE6-B58D-CEE3F6688643}.Release|Mixed Platforms.ActiveCfg = Release
		{64EF6706-6A36-4BE6-B58D-CEE3F6688643}.Release|Mixed Platforms.Build.0 = Release
		{64EF6706-6A36-4BE6-B58D-CEE3F6688643}.Release|x86.ActiveCfg = Release
	EndGlobalSection
	GlobalSection(SolutionProperties) = preSolution
		HideSolutionNode = FALSE
	EndGlobalSection
EndGlobal
